// !$*UTF8*$!
{
	archiveVersion = 1;
	classes = {
	};
	objectVersion = 77;
	objects = {

/* Begin PBXBuildFile section */
		185BA9F02D9ED0E3002FAEEE /* SnapshotTesting in Frameworks */ = {isa = PBXBuildFile; productRef = 185BA9EF2D9ED0E3002FAEEE /* SnapshotTesting */; };
/* End PBXBuildFile section */

/* Begin PBXContainerItemProxy section */
		1850C99A2D9DA29D00F6468B /* PBXContainerItemProxy */ = {
			isa = PBXContainerItemProxy;
			containerPortal = 1850C9802D9DA29C00F6468B /* Project object */;
			proxyType = 1;
			remoteGlobalIDString = 1850C9872D9DA29C00F6468B;
			remoteInfo = "APMC Stream";
		};
		1850C9A42D9DA29D00F6468B /* PBXContainerItemProxy */ = {
			isa = PBXContainerItemProxy;
			containerPortal = 1850C9802D9DA29C00F6468B /* Project object */;
			proxyType = 1;
			remoteGlobalIDString = 1850C9872D9DA29C00F6468B;
			remoteInfo = "APMC Stream";
		};
/* End PBXContainerItemProxy section */

/* Begin PBXFileReference section */
		1850C9882D9DA29C00F6468B /* APMC Stream.app */ = {isa = PBXFileReference; explicitFileType = wrapper.application; includeInIndex = 0; path = "APMC Stream.app"; sourceTree = BUILT_PRODUCTS_DIR; };
		1850C9992D9DA29D00F6468B /* APMC StreamTests.xctest */ = {isa = PBXFileReference; explicitFileType = wrapper.cfbundle; includeInIndex = 0; path = "APMC StreamTests.xctest"; sourceTree = BUILT_PRODUCTS_DIR; };
		1850C9A32D9DA29D00F6468B /* APMC StreamUITests.xctest */ = {isa = PBXFileReference; explicitFileType = wrapper.cfbundle; includeInIndex = 0; path = "APMC StreamUITests.xctest"; sourceTree = BUILT_PRODUCTS_DIR; };
/* End PBXFileReference section */

/* Begin PBXFileSystemSynchronizedBuildFileExceptionSet section */
		185BAAD62DA32B28002FAEEE /* Exceptions for "APMC Stream" folder in "APMC Stream" target */ = {
			isa = PBXFileSystemSynchronizedBuildFileExceptionSet;
			membershipExceptions = (
				"APMC-Stream-Info.plist",
			);
			target = 1850C9872D9DA29C00F6468B /* APMC Stream */;
		};
/* End PBXFileSystemSynchronizedBuildFileExceptionSet section */

/* Begin PBXFileSystemSynchronizedRootGroup section */
		1850C98A2D9DA29C00F6468B /* APMC Stream */ = {
			isa = PBXFileSystemSynchronizedRootGroup;
			exceptions = (
				185BAAD62DA32B28002FAEEE /* Exceptions for "APMC Stream" folder in "APMC Stream" target */,
			);
			path = "APMC Stream";
			sourceTree = "<group>";
		};
		1850C99C2D9DA29D00F6468B /* APMC StreamTests */ = {
			isa = PBXFileSystemSynchronizedRootGroup;
			path = "APMC StreamTests";
			sourceTree = "<group>";
		};
		1850C9A62D9DA29D00F6468B /* APMC StreamUITests */ = {
			isa = PBXFileSystemSynchronizedRootGroup;
			path = "APMC StreamUITests";
			sourceTree = "<group>";
		};
/* End PBXFileSystemSynchronizedRootGroup section */

/* Begin PBXFrameworksBuildPhase section */
		1850C9852D9DA29C00F6468B /* Frameworks */ = {
			isa = PBXFrameworksBuildPhase;
			buildActionMask = 2147483647;
			files = (
			);
			runOnlyForDeploymentPostprocessing = 0;
		};
		1850C9962D9DA29D00F6468B /* Frameworks */ = {
			isa = PBXFrameworksBuildPhase;
			buildActionMask = 2147483647;
			files = (
				185BA9F02D9ED0E3002FAEEE /* SnapshotTesting in Frameworks */,
			);
			runOnlyForDeploymentPostprocessing = 0;
		};
		1850C9A02D9DA29D00F6468B /* Frameworks */ = {
			isa = PBXFrameworksBuildPhase;
			buildActionMask = 2147483647;
			files = (
			);
			runOnlyForDeploymentPostprocessing = 0;
		};
/* End PBXFrameworksBuildPhase section */

/* Begin PBXGroup section */
		1850C97F2D9DA29C00F6468B = {
			isa = PBXGroup;
			children = (
				1850C98A2D9DA29C00F6468B /* APMC Stream */,
				1850C99C2D9DA29D00F6468B /* APMC StreamTests */,
				1850C9A62D9DA29D00F6468B /* APMC StreamUITests */,
				1850C9892D9DA29C00F6468B /* Products */,
			);
			sourceTree = "<group>";
		};
		1850C9892D9DA29C00F6468B /* Products */ = {
			isa = PBXGroup;
			children = (
				1850C9882D9DA29C00F6468B /* APMC Stream.app */,
				1850C9992D9DA29D00F6468B /* APMC StreamTests.xctest */,
				1850C9A32D9DA29D00F6468B /* APMC StreamUITests.xctest */,
			);
			name = Products;
			sourceTree = "<group>";
		};
/* End PBXGroup section */

/* Begin PBXNativeTarget section */
		1850C9872D9DA29C00F6468B /* APMC Stream */ = {
			isa = PBXNativeTarget;
			buildConfigurationList = 1850C9AD2D9DA29D00F6468B /* Build configuration list for PBXNativeTarget "APMC Stream" */;
			buildPhases = (
				1850C9842D9DA29C00F6468B /* Sources */,
				1850C9852D9DA29C00F6468B /* Frameworks */,
				1850C9862D9DA29C00F6468B /* Resources */,
			);
			buildRules = (
			);
			dependencies = (
			);
			fileSystemSynchronizedGroups = (
				1850C98A2D9DA29C00F6468B /* APMC Stream */,
			);
			name = "APMC Stream";
			packageProductDependencies = (
			);
			productName = "APMC Stream";
			productReference = 1850C9882D9DA29C00F6468B /* APMC Stream.app */;
			productType = "com.apple.product-type.application";
		};
		1850C9982D9DA29D00F6468B /* APMC StreamTests */ = {
			isa = PBXNativeTarget;
			buildConfigurationList = 1850C9B02D9DA29D00F6468B /* Build configuration list for PBXNativeTarget "APMC StreamTests" */;
			buildPhases = (
				1850C9952D9DA29D00F6468B /* Sources */,
				1850C9962D9DA29D00F6468B /* Frameworks */,
				1850C9972D9DA29D00F6468B /* Resources */,
			);
			buildRules = (
			);
			dependencies = (
				1850C99B2D9DA29D00F6468B /* PBXTargetDependency */,
			);
			fileSystemSynchronizedGroups = (
				1850C99C2D9DA29D00F6468B /* APMC StreamTests */,
			);
			name = "APMC StreamTests";
			packageProductDependencies = (
				185BA9EF2D9ED0E3002FAEEE /* SnapshotTesting */,
			);
			productName = "APMC StreamTests";
			productReference = 1850C9992D9DA29D00F6468B /* APMC StreamTests.xctest */;
			productType = "com.apple.product-type.bundle.unit-test";
		};
		1850C9A22D9DA29D00F6468B /* APMC StreamUITests */ = {
			isa = PBXNativeTarget;
			buildConfigurationList = 1850C9B32D9DA29D00F6468B /* Build configuration list for PBXNativeTarget "APMC StreamUITests" */;
			buildPhases = (
				1850C99F2D9DA29D00F6468B /* Sources */,
				1850C9A02D9DA29D00F6468B /* Frameworks */,
				1850C9A12D9DA29D00F6468B /* Resources */,
			);
			buildRules = (
			);
			dependencies = (
				1850C9A52D9DA29D00F6468B /* PBXTargetDependency */,
			);
			fileSystemSynchronizedGroups = (
				1850C9A62D9DA29D00F6468B /* APMC StreamUITests */,
			);
			name = "APMC StreamUITests";
			packageProductDependencies = (
			);
			productName = "APMC StreamUITests";
			productReference = 1850C9A32D9DA29D00F6468B /* APMC StreamUITests.xctest */;
			productType = "com.apple.product-type.bundle.ui-testing";
		};
/* End PBXNativeTarget section */

/* Begin PBXProject section */
		1850C9802D9DA29C00F6468B /* Project object */ = {
			isa = PBXProject;
			attributes = {
				BuildIndependentTargetsInParallel = 1;
				LastSwiftUpdateCheck = 1620;
				LastUpgradeCheck = 1620;
				TargetAttributes = {
					1850C9872D9DA29C00F6468B = {
						CreatedOnToolsVersion = 16.2;
					};
					1850C9982D9DA29D00F6468B = {
						CreatedOnToolsVersion = 16.2;
						TestTargetID = 1850C9872D9DA29C00F6468B;
					};
					1850C9A22D9DA29D00F6468B = {
						CreatedOnToolsVersion = 16.2;
						TestTargetID = 1850C9872D9DA29C00F6468B;
					};
				};
			};
			buildConfigurationList = 1850C9832D9DA29C00F6468B /* Build configuration list for PBXProject "APMC Stream" */;
			developmentRegion = en;
			hasScannedForEncodings = 0;
			knownRegions = (
				en,
				Base,
			);
			mainGroup = 1850C97F2D9DA29C00F6468B;
			minimizedProjectReferenceProxies = 1;
			packageReferences = (
				185BA9EE2D9ED0E3002FAEEE /* XCRemoteSwiftPackageReference "swift-snapshot-testing" */,
			);
			preferredProjectObjectVersion = 77;
			productRefGroup = 1850C9892D9DA29C00F6468B /* Products */;
			projectDirPath = "";
			projectRoot = "";
			targets = (
				1850C9872D9DA29C00F6468B /* APMC Stream */,
				1850C9982D9DA29D00F6468B /* APMC StreamTests */,
				1850C9A22D9DA29D00F6468B /* APMC StreamUITests */,
			);
		};
/* End PBXProject section */

/* Begin PBXResourcesBuildPhase section */
		1850C9862D9DA29C00F6468B /* Resources */ = {
			isa = PBXResourcesBuildPhase;
			buildActionMask = 2147483647;
			files = (
			);
			runOnlyForDeploymentPostprocessing = 0;
		};
		1850C9972D9DA29D00F6468B /* Resources */ = {
			isa = PBXResourcesBuildPhase;
			buildActionMask = 2147483647;
			files = (
			);
			runOnlyForDeploymentPostprocessing = 0;
		};
		1850C9A12D9DA29D00F6468B /* Resources */ = {
			isa = PBXResourcesBuildPhase;
			buildActionMask = 2147483647;
			files = (
			);
			runOnlyForDeploymentPostprocessing = 0;
		};
/* End PBXResourcesBuildPhase section */

/* Begin PBXSourcesBuildPhase section */
		1850C9842D9DA29C00F6468B /* Sources */ = {
			isa = PBXSourcesBuildPhase;
			buildActionMask = 2147483647;
			files = (
			);
			runOnlyForDeploymentPostprocessing = 0;
		};
		1850C9952D9DA29D00F6468B /* Sources */ = {
			isa = PBXSourcesBuildPhase;
			buildActionMask = 2147483647;
			files = (
			);
			runOnlyForDeploymentPostprocessing = 0;
		};
		1850C99F2D9DA29D00F6468B /* Sources */ = {
			isa = PBXSourcesBuildPhase;
			buildActionMask = 2147483647;
			files = (
			);
			runOnlyForDeploymentPostprocessing = 0;
		};
/* End PBXSourcesBuildPhase section */

/* Begin PBXTargetDependency section */
		1850C99B2D9DA29D00F6468B /* PBXTargetDependency */ = {
			isa = PBXTargetDependency;
			target = 1850C9872D9DA29C00F6468B /* APMC Stream */;
			targetProxy = 1850C99A2D9DA29D00F6468B /* PBXContainerItemProxy */;
		};
		1850C9A52D9DA29D00F6468B /* PBXTargetDependency */ = {
			isa = PBXTargetDependency;
			target = 1850C9872D9DA29C00F6468B /* APMC Stream */;
			targetProxy = 1850C9A42D9DA29D00F6468B /* PBXContainerItemProxy */;
		};
/* End PBXTargetDependency section */

/* Begin XCBuildConfiguration section */
		1850C9AB2D9DA29D00F6468B /* Debug */ = {
			isa = XCBuildConfiguration;
			buildSettings = {
				ALWAYS_SEARCH_USER_PATHS = NO;
				ASSETCATALOG_COMPILER_GENERATE_SWIFT_ASSET_SYMBOL_EXTENSIONS = YES;
				CLANG_ANALYZER_NONNULL = YES;
				CLANG_ANALYZER_NUMBER_OBJECT_CONVERSION = YES_AGGRESSIVE;
				CLANG_CXX_LANGUAGE_STANDARD = "gnu++20";
				CLANG_ENABLE_MODULES = YES;
				CLANG_ENABLE_OBJC_ARC = YES;
				CLANG_ENABLE_OBJC_WEAK = YES;
				CLANG_WARN_BLOCK_CAPTURE_AUTORELEASING = YES;
				CLANG_WARN_BOOL_CONVERSION = YES;
				CLANG_WARN_COMMA = YES;
				CLANG_WARN_CONSTANT_CONVERSION = YES;
				CLANG_WARN_DEPRECATED_OBJC_IMPLEMENTATIONS = YES;
				CLANG_WARN_DIRECT_OBJC_ISA_USAGE = YES_ERROR;
				CLANG_WARN_DOCUMENTATION_COMMENTS = YES;
				CLANG_WARN_EMPTY_BODY = YES;
				CLANG_WARN_ENUM_CONVERSION = YES;
				CLANG_WARN_INFINITE_RECURSION = YES;
				CLANG_WARN_INT_CONVERSION = YES;
				CLANG_WARN_NON_LITERAL_NULL_CONVERSION = YES;
				CLANG_WARN_OBJC_IMPLICIT_RETAIN_SELF = YES;
				CLANG_WARN_OBJC_LITERAL_CONVERSION = YES;
				CLANG_WARN_OBJC_ROOT_CLASS = YES_ERROR;
				CLANG_WARN_QUOTED_INCLUDE_IN_FRAMEWORK_HEADER = YES;
				CLANG_WARN_RANGE_LOOP_ANALYSIS = YES;
				CLANG_WARN_STRICT_PROTOTYPES = YES;
				CLANG_WARN_SUSPICIOUS_MOVE = YES;
				CLANG_WARN_UNGUARDED_AVAILABILITY = YES_AGGRESSIVE;
				CLANG_WARN_UNREACHABLE_CODE = YES;
				CLANG_WARN__DUPLICATE_METHOD_MATCH = YES;
				COPY_PHASE_STRIP = NO;
				DEBUG_INFORMATION_FORMAT = dwarf;
				ENABLE_STRICT_OBJC_MSGSEND = YES;
				ENABLE_TESTABILITY = YES;
				ENABLE_USER_SCRIPT_SANDBOXING = YES;
				GCC_C_LANGUAGE_STANDARD = gnu17;
				GCC_DYNAMIC_NO_PIC = NO;
				GCC_NO_COMMON_BLOCKS = YES;
				GCC_OPTIMIZATION_LEVEL = 0;
				GCC_PREPROCESSOR_DEFINITIONS = (
					"DEBUG=1",
					"$(inherited)",
				);
				GCC_WARN_64_TO_32_BIT_CONVERSION = YES;
				GCC_WARN_ABOUT_RETURN_TYPE = YES_ERROR;
				GCC_WARN_UNDECLARED_SELECTOR = YES;
				GCC_WARN_UNINITIALIZED_AUTOS = YES_AGGRESSIVE;
				GCC_WARN_UNUSED_FUNCTION = YES;
				GCC_WARN_UNUSED_VARIABLE = YES;
				LOCALIZATION_PREFERS_STRING_CATALOGS = YES;
				MTL_ENABLE_DEBUG_INFO = INCLUDE_SOURCE;
				MTL_FAST_MATH = YES;
				ONLY_ACTIVE_ARCH = YES;
				SWIFT_ACTIVE_COMPILATION_CONDITIONS = "DEBUG $(inherited)";
				SWIFT_EMIT_LOC_STRINGS = YES;
				SWIFT_OPTIMIZATION_LEVEL = "-Onone";
			};
			name = Debug;
		};
		1850C9AC2D9DA29D00F6468B /* Release */ = {
			isa = XCBuildConfiguration;
			buildSettings = {
				ALWAYS_SEARCH_USER_PATHS = NO;
				ASSETCATALOG_COMPILER_GENERATE_SWIFT_ASSET_SYMBOL_EXTENSIONS = YES;
				CLANG_ANALYZER_NONNULL = YES;
				CLANG_ANALYZER_NUMBER_OBJECT_CONVERSION = YES_AGGRESSIVE;
				CLANG_CXX_LANGUAGE_STANDARD = "gnu++20";
				CLANG_ENABLE_MODULES = YES;
				CLANG_ENABLE_OBJC_ARC = YES;
				CLANG_ENABLE_OBJC_WEAK = YES;
				CLANG_WARN_BLOCK_CAPTURE_AUTORELEASING = YES;
				CLANG_WARN_BOOL_CONVERSION = YES;
				CLANG_WARN_COMMA = YES;
				CLANG_WARN_CONSTANT_CONVERSION = YES;
				CLANG_WARN_DEPRECATED_OBJC_IMPLEMENTATIONS = YES;
				CLANG_WARN_DIRECT_OBJC_ISA_USAGE = YES_ERROR;
				CLANG_WARN_DOCUMENTATION_COMMENTS = YES;
				CLANG_WARN_EMPTY_BODY = YES;
				CLANG_WARN_ENUM_CONVERSION = YES;
				CLANG_WARN_INFINITE_RECURSION = YES;
				CLANG_WARN_INT_CONVERSION = YES;
				CLANG_WARN_NON_LITERAL_NULL_CONVERSION = YES;
				CLANG_WARN_OBJC_IMPLICIT_RETAIN_SELF = YES;
				CLANG_WARN_OBJC_LITERAL_CONVERSION = YES;
				CLANG_WARN_OBJC_ROOT_CLASS = YES_ERROR;
				CLANG_WARN_QUOTED_INCLUDE_IN_FRAMEWORK_HEADER = YES;
				CLANG_WARN_RANGE_LOOP_ANALYSIS = YES;
				CLANG_WARN_STRICT_PROTOTYPES = YES;
				CLANG_WARN_SUSPICIOUS_MOVE = YES;
				CLANG_WARN_UNGUARDED_AVAILABILITY = YES_AGGRESSIVE;
				CLANG_WARN_UNREACHABLE_CODE = YES;
				CLANG_WARN__DUPLICATE_METHOD_MATCH = YES;
				COPY_PHASE_STRIP = NO;
				DEBUG_INFORMATION_FORMAT = "dwarf-with-dsym";
				ENABLE_NS_ASSERTIONS = NO;
				ENABLE_STRICT_OBJC_MSGSEND = YES;
				ENABLE_USER_SCRIPT_SANDBOXING = YES;
				GCC_C_LANGUAGE_STANDARD = gnu17;
				GCC_NO_COMMON_BLOCKS = YES;
				GCC_WARN_64_TO_32_BIT_CONVERSION = YES;
				GCC_WARN_ABOUT_RETURN_TYPE = YES_ERROR;
				GCC_WARN_UNDECLARED_SELECTOR = YES;
				GCC_WARN_UNINITIALIZED_AUTOS = YES_AGGRESSIVE;
				GCC_WARN_UNUSED_FUNCTION = YES;
				GCC_WARN_UNUSED_VARIABLE = YES;
				LOCALIZATION_PREFERS_STRING_CATALOGS = YES;
				MTL_ENABLE_DEBUG_INFO = NO;
				MTL_FAST_MATH = YES;
				SWIFT_COMPILATION_MODE = wholemodule;
				SWIFT_EMIT_LOC_STRINGS = YES;
			};
			name = Release;
		};
		1850C9AE2D9DA29D00F6468B /* Debug */ = {
			isa = XCBuildConfiguration;
			buildSettings = {
				ASSETCATALOG_COMPILER_APPICON_NAME = AppIcon;
				ASSETCATALOG_COMPILER_GLOBAL_ACCENT_COLOR_NAME = AccentColor;
				CODE_SIGN_ENTITLEMENTS = "APMC Stream/SupportingFiles/APMC_Stream.entitlements";
				CODE_SIGN_STYLE = Automatic;
				CURRENT_PROJECT_VERSION = 1;
				DEVELOPMENT_ASSET_PATHS = "\"APMC Stream/Preview Content\"";
				DEVELOPMENT_TEAM = C247LTFS54;
				ENABLE_HARDENED_RUNTIME = YES;
				ENABLE_PREVIEWS = YES;
				GENERATE_INFOPLIST_FILE = YES;
				INFOPLIST_FILE = "APMC-Stream-Info.plist";
				"INFOPLIST_KEY_UIApplicationSceneManifest_Generation[sdk=iphoneos*]" = YES;
				"INFOPLIST_KEY_UIApplicationSceneManifest_Generation[sdk=iphonesimulator*]" = YES;
				"INFOPLIST_KEY_UIApplicationSupportsIndirectInputEvents[sdk=iphoneos*]" = YES;
				"INFOPLIST_KEY_UIApplicationSupportsIndirectInputEvents[sdk=iphonesimulator*]" = YES;
				"INFOPLIST_KEY_UILaunchScreen_Generation[sdk=iphoneos*]" = YES;
				"INFOPLIST_KEY_UILaunchScreen_Generation[sdk=iphonesimulator*]" = YES;
				"INFOPLIST_KEY_UIStatusBarStyle[sdk=iphoneos*]" = UIStatusBarStyleDefault;
				"INFOPLIST_KEY_UIStatusBarStyle[sdk=iphonesimulator*]" = UIStatusBarStyleDefault;
				INFOPLIST_KEY_UISupportedInterfaceOrientations_iPad = "UIInterfaceOrientationPortrait UIInterfaceOrientationPortraitUpsideDown UIInterfaceOrientationLandscapeLeft UIInterfaceOrientationLandscapeRight";
				INFOPLIST_KEY_UISupportedInterfaceOrientations_iPhone = "UIInterfaceOrientationPortrait UIInterfaceOrientationLandscapeLeft UIInterfaceOrientationLandscapeRight";
				IPHONEOS_DEPLOYMENT_TARGET = 18.2;
				LD_RUNPATH_SEARCH_PATHS = "@executable_path/Frameworks";
				"LD_RUNPATH_SEARCH_PATHS[sdk=macosx*]" = "@executable_path/../Frameworks";
				MACOSX_DEPLOYMENT_TARGET = 15.1;
				MARKETING_VERSION = 1.0;
				PRODUCT_BUNDLE_IDENTIFIER = "com.santiago.thiago.APMC-Stream";
				PRODUCT_NAME = "$(TARGET_NAME)";
				SDKROOT = auto;
				SUPPORTED_PLATFORMS = "iphoneos iphonesimulator macosx xros xrsimulator";
				SWIFT_EMIT_LOC_STRINGS = YES;
				SWIFT_VERSION = 5.0;
				TARGETED_DEVICE_FAMILY = "1,2,7";
				XROS_DEPLOYMENT_TARGET = 2.2;
			};
			name = Debug;
		};
		1850C9AF2D9DA29D00F6468B /* Release */ = {
			isa = XCBuildConfiguration;
			buildSettings = {
				ASSETCATALOG_COMPILER_APPICON_NAME = AppIcon;
				ASSETCATALOG_COMPILER_GLOBAL_ACCENT_COLOR_NAME = AccentColor;
				CODE_SIGN_ENTITLEMENTS = "APMC Stream/SupportingFiles/APMC_Stream.entitlements";
				CODE_SIGN_STYLE = Automatic;
				CURRENT_PROJECT_VERSION = 1;
				DEVELOPMENT_ASSET_PATHS = "\"APMC Stream/Preview Content\"";
				DEVELOPMENT_TEAM = C247LTFS54;
				ENABLE_HARDENED_RUNTIME = YES;
				ENABLE_PREVIEWS = YES;
				GENERATE_INFOPLIST_FILE = YES;
				INFOPLIST_FILE = "APMC-Stream-Info.plist";
				"INFOPLIST_KEY_UIApplicationSceneManifest_Generation[sdk=iphoneos*]" = YES;
				"INFOPLIST_KEY_UIApplicationSceneManifest_Generation[sdk=iphonesimulator*]" = YES;
				"INFOPLIST_KEY_UIApplicationSupportsIndirectInputEvents[sdk=iphoneos*]" = YES;
				"INFOPLIST_KEY_UIApplicationSupportsIndirectInputEvents[sdk=iphonesimulator*]" = YES;
				"INFOPLIST_KEY_UILaunchScreen_Generation[sdk=iphoneos*]" = YES;
				"INFOPLIST_KEY_UILaunchScreen_Generation[sdk=iphonesimulator*]" = YES;
				"INFOPLIST_KEY_UIStatusBarStyle[sdk=iphoneos*]" = UIStatusBarStyleDefault;
				"INFOPLIST_KEY_UIStatusBarStyle[sdk=iphonesimulator*]" = UIStatusBarStyleDefault;
				INFOPLIST_KEY_UISupportedInterfaceOrientations_iPad = "UIInterfaceOrientationPortrait UIInterfaceOrientationPortraitUpsideDown UIInterfaceOrientationLandscapeLeft UIInterfaceOrientationLandscapeRight";
				INFOPLIST_KEY_UISupportedInterfaceOrientations_iPhone = "UIInterfaceOrientationPortrait UIInterfaceOrientationLandscapeLeft UIInterfaceOrientationLandscapeRight";
				IPHONEOS_DEPLOYMENT_TARGET = 18.2;
				LD_RUNPATH_SEARCH_PATHS = "@executable_path/Frameworks";
				"LD_RUNPATH_SEARCH_PATHS[sdk=macosx*]" = "@executable_path/../Frameworks";
				MACOSX_DEPLOYMENT_TARGET = 15.1;
				MARKETING_VERSION = 1.0;
				PRODUCT_BUNDLE_IDENTIFIER = "com.santiago.thiago.APMC-Stream";
				PRODUCT_NAME = "$(TARGET_NAME)";
				SDKROOT = auto;
				SUPPORTED_PLATFORMS = "iphoneos iphonesimulator macosx xros xrsimulator";
				SWIFT_EMIT_LOC_STRINGS = YES;
				SWIFT_VERSION = 5.0;
				TARGETED_DEVICE_FAMILY = "1,2,7";
				XROS_DEPLOYMENT_TARGET = 2.2;
			};
			name = Release;
		};
		1850C9B12D9DA29D00F6468B /* Debug */ = {
			isa = XCBuildConfiguration;
			buildSettings = {
				BUNDLE_LOADER = "$(TEST_HOST)";
				CODE_SIGN_STYLE = Automatic;
				CURRENT_PROJECT_VERSION = 1;
				DEVELOPMENT_TEAM = C247LTFS54;
				GENERATE_INFOPLIST_FILE = YES;
				IPHONEOS_DEPLOYMENT_TARGET = 18.2;
				MACOSX_DEPLOYMENT_TARGET = 15.1;
				MARKETING_VERSION = 1.0;
				PRODUCT_BUNDLE_IDENTIFIER = "com.santiago.thiago.APMC-StreamTests";
				PRODUCT_NAME = "$(TARGET_NAME)";
				SDKROOT = auto;
				SUPPORTED_PLATFORMS = "iphoneos iphonesimulator macosx xros xrsimulator";
				SWIFT_EMIT_LOC_STRINGS = NO;
				SWIFT_VERSION = 5.0;
				TARGETED_DEVICE_FAMILY = "1,2,7";
				TEST_HOST = "$(BUILT_PRODUCTS_DIR)/APMC Stream.app/$(BUNDLE_EXECUTABLE_FOLDER_PATH)/APMC Stream";
				XROS_DEPLOYMENT_TARGET = 2.2;
			};
			name = Debug;
		};
		1850C9B22D9DA29D00F6468B /* Release */ = {
			isa = XCBuildConfiguration;
			buildSettings = {
				BUNDLE_LOADER = "$(TEST_HOST)";
				CODE_SIGN_STYLE = Automatic;
				CURRENT_PROJECT_VERSION = 1;
				DEVELOPMENT_TEAM = C247LTFS54;
				GENERATE_INFOPLIST_FILE = YES;
				IPHONEOS_DEPLOYMENT_TARGET = 18.2;
				MACOSX_DEPLOYMENT_TARGET = 15.1;
				MARKETING_VERSION = 1.0;
				PRODUCT_BUNDLE_IDENTIFIER = "com.santiago.thiago.APMC-StreamTests";
				PRODUCT_NAME = "$(TARGET_NAME)";
				SDKROOT = auto;
				SUPPORTED_PLATFORMS = "iphoneos iphonesimulator macosx xros xrsimulator";
				SWIFT_EMIT_LOC_STRINGS = NO;
				SWIFT_VERSION = 5.0;
				TARGETED_DEVICE_FAMILY = "1,2,7";
				TEST_HOST = "$(BUILT_PRODUCTS_DIR)/APMC Stream.app/$(BUNDLE_EXECUTABLE_FOLDER_PATH)/APMC Stream";
				XROS_DEPLOYMENT_TARGET = 2.2;
			};
			name = Release;
		};
		1850C9B42D9DA29D00F6468B /* Debug */ = {
			isa = XCBuildConfiguration;
			buildSettings = {
				CODE_SIGN_STYLE = Automatic;
				CURRENT_PROJECT_VERSION = 1;
				DEVELOPMENT_TEAM = C247LTFS54;
				GENERATE_INFOPLIST_FILE = YES;
				IPHONEOS_DEPLOYMENT_TARGET = 18.2;
				MACOSX_DEPLOYMENT_TARGET = 15.1;
				MARKETING_VERSION = 1.0;
				PRODUCT_BUNDLE_IDENTIFIER = "com.santiago.thiago.APMC-StreamUITests";
				PRODUCT_NAME = "$(TARGET_NAME)";
				SDKROOT = auto;
				SUPPORTED_PLATFORMS = "iphoneos iphonesimulator macosx xros xrsimulator";
				SWIFT_EMIT_LOC_STRINGS = NO;
				SWIFT_VERSION = 5.0;
				TARGETED_DEVICE_FAMILY = "1,2,7";
				TEST_TARGET_NAME = "APMC Stream";
				XROS_DEPLOYMENT_TARGET = 2.2;
			};
			name = Debug;
		};
		1850C9B52D9DA29D00F6468B /* Release */ = {
			isa = XCBuildConfiguration;
			buildSettings = {
				CODE_SIGN_STYLE = Automatic;
				CURRENT_PROJECT_VERSION = 1;
				DEVELOPMENT_TEAM = C247LTFS54;
				GENERATE_INFOPLIST_FILE = YES;
				IPHONEOS_DEPLOYMENT_TARGET = 18.2;
				MACOSX_DEPLOYMENT_TARGET = 15.1;
				MARKETING_VERSION = 1.0;
				PRODUCT_BUNDLE_IDENTIFIER = "com.santiago.thiago.APMC-StreamUITests";
				PRODUCT_NAME = "$(TARGET_NAME)";
				SDKROOT = auto;
				SUPPORTED_PLATFORMS = "iphoneos iphonesimulator macosx xros xrsimulator";
				SWIFT_EMIT_LOC_STRINGS = NO;
				SWIFT_VERSION = 5.0;
				TARGETED_DEVICE_FAMILY = "1,2,7";
				TEST_TARGET_NAME = "APMC Stream";
				XROS_DEPLOYMENT_TARGET = 2.2;
			};
			name = Release;
		};
/* End XCBuildConfiguration section */

/* Begin XCConfigurationList section */
		1850C9832D9DA29C00F6468B /* Build configuration list for PBXProject "APMC Stream" */ = {
			isa = XCConfigurationList;
			buildConfigurations = (
				1850C9AB2D9DA29D00F6468B /* Debug */,
				1850C9AC2D9DA29D00F6468B /* Release */,
			);
			defaultConfigurationIsVisible = 0;
			defaultConfigurationName = Release;
		};
		1850C9AD2D9DA29D00F6468B /* Build configuration list for PBXNativeTarget "APMC Stream" */ = {
			isa = XCConfigurationList;
			buildConfigurations = (
				1850C9AE2D9DA29D00F6468B /* Debug */,
				1850C9AF2D9DA29D00F6468B /* Release */,
			);
			defaultConfigurationIsVisible = 0;
			defaultConfigurationName = Release;
		};
		1850C9B02D9DA29D00F6468B /* Build configuration list for PBXNativeTarget "APMC StreamTests" */ = {
			isa = XCConfigurationList;
			buildConfigurations = (
				1850C9B12D9DA29D00F6468B /* Debug */,
				1850C9B22D9DA29D00F6468B /* Release */,
			);
			defaultConfigurationIsVisible = 0;
			defaultConfigurationName = Release;
		};
		1850C9B32D9DA29D00F6468B /* Build configuration list for PBXNativeTarget "APMC StreamUITests" */ = {
			isa = XCConfigurationList;
			buildConfigurations = (
				1850C9B42D9DA29D00F6468B /* Debug */,
				1850C9B52D9DA29D00F6468B /* Release */,
			);
			defaultConfigurationIsVisible = 0;
			defaultConfigurationName = Release;
		};
/* End XCConfigurationList section */

/* Begin XCRemoteSwiftPackageReference section */
		185BA9EE2D9ED0E3002FAEEE /* XCRemoteSwiftPackageReference "swift-snapshot-testing" */ = {
			isa = XCRemoteSwiftPackageReference;
			repositoryURL = "https://github.com/pointfreeco/swift-snapshot-testing";
			requirement = {
				kind = upToNextMajorVersion;
				minimumVersion = 1.18.3;
			};
		};
/* End XCRemoteSwiftPackageReference section */

/* Begin XCSwiftPackageProductDependency section */
		185BA9EF2D9ED0E3002FAEEE /* SnapshotTesting */ = {
			isa = XCSwiftPackageProductDependency;
			package = 185BA9EE2D9ED0E3002FAEEE /* XCRemoteSwiftPackageReference "swift-snapshot-testing" */;
			productName = SnapshotTesting;
		};
/* End XCSwiftPackageProductDependency section */
	};
	rootObject = 1850C9802D9DA29C00F6468B /* Project object */;
}
